
Microsoft Visual Studio Solution File, Format Version 12.00
# Visual Studio 15
VisualStudioVersion = 15.0.28307.329
MinimumVisualStudioVersion = 10.0.40219.1
Project("{FAE04EC0-301F-11D3-BF4B-00C04F79EFBC}") = "ConsoleApp4", "ConsoleApp4\ConsoleApp4.csproj", "{FAEDB8FB-79F7-44C0-B6BA-AABEDA7E6D69}"
EndProject
Global
	GlobalSection(SolutionConfigurationPlatforms) = preSolution
		Debug|Any CPU = Debug|Any CPU
		Release|Any CPU = Release|Any CPU
	EndGlobalSection
	GlobalSection(ProjectConfigurationPlatforms) = postSolution
		{FAEDB8FB-79F7-44C0-B6BA-AABEDA7E6D69}.Debug|Any CPU.ActiveCfg = Debug|Any CPU
		{FAEDB8FB-79F7-44C0-B6BA-AABEDA7E6D69}.Debug|Any CPU.Build.0 = Debug|Any CPU
		{FAEDB8FB-79F7-44C0-B6BA-AABEDA7E6D69}.Release|Any CPU.ActiveCfg = Release|Any CPU
		{FAEDB8FB-79F7-44C0-B6BA-AABEDA7E6D69}.Release|Any CPU.Build.0 = Release|Any CPU
	EndGlobalSection
	GlobalSection(SolutionProperties) = preSolution
		HideSolutionNode = FALSE
	EndGlobalSection
	GlobalSection(ExtensibilityGlobals) = postSolution
		SolutionGuid = {DAEB8F3F-CE13-460C-86F1-E51AC02A149B}
	EndGlobalSection
EndGlobal
